{
  "name": "automait-dhcp",
  "version": "1.0.0",
  "lockfileVersion": 1,
  "requires": true,
  "dependencies": {
    "expect-telnet": {
      "version": "0.5.6",
      "resolved": "https://registry.npmjs.org/expect-telnet/-/expect-telnet-0.5.6.tgz",
      "integrity": "sha512-91PoQA2pI08roR3KbwnOk6meSlqM3hVQKpvYd5R0QyRht1wVtIeUUcx3zWm9fjnxkEjHqjEyTe6MowCnkbIi1A=="
    },
    "ping": {
      "version": "0.1.10",
      "resolved": "https://registry.npmjs.org/ping/-/ping-0.1.10.tgz",
      "integrity": "sha1-/5cGzH+UhUMvIfZ+tx5xlxazUNQ=",
      "requires": {
        "q": "1.x"
      }
    },
    "q": {
      "version": "1.5.1",
      "resolved": "https://registry.npmjs.org/q/-/q-1.5.1.tgz",
      "integrity": "sha1-fjL3W0E4EpHQRhHxvxQQmsAGUdc="
    }
  }
}
